# THIS IS AN AUTOGENERATED FILE. DO NOT EDIT THIS FILE DIRECTLY.
# yarn lockfile v1


three@^0.124.0:
  version "0.124.0"
  resolved "https://registry.npm.taobao.org/three/download/three-0.124.0.tgz?cache=0&sync_timestamp=1608797656465&other_urls=https%3A%2F%2Fregistry.npm.taobao.org%2Fthree%2Fdownload%2Fthree-0.124.0.tgz#14ab1a26ba6c56e51190e1b55695cd3c1e69ea55"
  integrity sha1-FKsaJrpsVuURkOG1VpXNPB5p6lU=
